
Microsoft Visual Studio Solution File, Format Version 12.00
# Visual Studio Version 16
VisualStudioVersion = 16.0.29728.190
MinimumVisualStudioVersion = 10.0.40219.1
Project("{2150E333-8FDC-42A3-9474-1A3956D46DE8}") = ".sln", ".sln", "{AF6E6D40-FE2C-4077-A4D8-D22587491C9C}"
	ProjectSection(SolutionItems) = preProject
		.editorconfig = .editorconfig
		.gitignore = .gitignore
		appveyor.yml = appveyor.yml
		azure-pipelines.yml = azure-pipelines.yml
		Gu.Wpf.AutoRowGrid.sln.DotSettings = Gu.Wpf.AutoRowGrid.sln.DotSettings
	EndProjectSection
EndProject
Project("{9A19103F-16F7-4668-BE54-9A1E7A4F7556}") = "Gu.Wpf.AutoRowGrid", "Gu.Wpf.AutoRowGrid\Gu.Wpf.AutoRowGrid.csproj", "{AF8CBE62-B44A-4E61-90F6-5453651C16A4}"
EndProject
Project("{9A19103F-16F7-4668-BE54-9A1E7A4F7556}") = "Gu.Wpf.AutoRowGrid.Demo", "Gu.Wpf.AutoRowGrid.Demo\Gu.Wpf.AutoRowGrid.Demo.csproj", "{F6E3564A-31A6-4958-AB8F-939AFDF78E6A}"
EndProject
Project("{2150E333-8FDC-42A3-9474-1A3956D46DE8}") = ".docs", ".docs", "{68C4DDDA-EAF5-49D1-941A-1245571C827D}"
	ProjectSection(SolutionItems) = preProject
		LICENSE = LICENSE
		README.md = README.md
		RELEASE_NOTES.md = RELEASE_NOTES.md
	EndProjectSection
EndProject
Project("{9A19103F-16F7-4668-BE54-9A1E7A4F7556}") = "Gu.Wpf.AutoRowGrid.UiTests", "Gu.Wpf.AutoRowGrid.UiTests\Gu.Wpf.AutoRowGrid.UiTests.csproj", "{3641AF56-78F7-409A-9A4D-7E8AB5D9509D}"
EndProject
Global
	GlobalSection(SolutionConfigurationPlatforms) = preSolution
		Debug|Any CPU = Debug|Any CPU
		Release|Any CPU = Release|Any CPU
	EndGlobalSection
	GlobalSection(ProjectConfigurationPlatforms) = postSolution
		{AF8CBE62-B44A-4E61-90F6-5453651C16A4}.Debug|Any CPU.ActiveCfg = Debug|Any CPU
		{AF8CBE62-B44A-4E61-90F6-5453651C16A4}.Debug|Any CPU.Build.0 = Debug|Any CPU
		{AF8CBE62-B44A-4E61-90F6-5453651C16A4}.Release|Any CPU.ActiveCfg = Release|Any CPU
		{AF8CBE62-B44A-4E61-90F6-5453651C16A4}.Release|Any CPU.Build.0 = Release|Any CPU
		{F6E3564A-31A6-4958-AB8F-939AFDF78E6A}.Debug|Any CPU.ActiveCfg = Debug|Any CPU
		{F6E3564A-31A6-4958-AB8F-939AFDF78E6A}.Debug|Any CPU.Build.0 = Debug|Any CPU
		{F6E3564A-31A6-4958-AB8F-939AFDF78E6A}.Release|Any CPU.ActiveCfg = Release|Any CPU
		{F6E3564A-31A6-4958-AB8F-939AFDF78E6A}.Release|Any CPU.Build.0 = Release|Any CPU
		{3641AF56-78F7-409A-9A4D-7E8AB5D9509D}.Debug|Any CPU.ActiveCfg = Debug|Any CPU
		{3641AF56-78F7-409A-9A4D-7E8AB5D9509D}.Debug|Any CPU.Build.0 = Debug|Any CPU
		{3641AF56-78F7-409A-9A4D-7E8AB5D9509D}.Release|Any CPU.ActiveCfg = Release|Any CPU
		{3641AF56-78F7-409A-9A4D-7E8AB5D9509D}.Release|Any CPU.Build.0 = Release|Any CPU
	EndGlobalSection
	GlobalSection(SolutionProperties) = preSolution
		HideSolutionNode = FALSE
	EndGlobalSection
	GlobalSection(ExtensibilityGlobals) = postSolution
		SolutionGuid = {457FC9F9-0559-401D-BD90-0FF49F5907B9}
	EndGlobalSection
EndGlobal
